# This file is automatically @generated by Cargo.
# It is not intended for manual editing.
version = 3

[[package]]
name = "kairn"
version = "0.1.0"
dependencies = [
 "rev_buf_reader",
]

[[package]]
name = "memchr"
version = "2.6.4"
source = "registry+https://github.com/rust-lang/crates.io-index"
checksum = "f665ee40bc4a3c5590afb1e9677db74a508659dfd71e126420da8274909a0167"

[[package]]
name = "rev_buf_reader"
version = "0.3.0"
source = "registry+https://github.com/rust-lang/crates.io-index"
checksum = "8c0f2e47e00e29920959826e2e1784728a3780d1a784247be5257258cc75f910"
dependencies = [
 "memchr",
]
